
Microsoft Visual Studio Solution File, Format Version 12.00
# Visual Studio 14
VisualStudioVersion = 14.0.25123.0
MinimumVisualStudioVersion = 10.0.40219.1
Project("{8BC9CEB8-8B4A-11D0-8D11-00A0C91BC942}") = "RegexSearch", "RegexSearch\RegexSearch.vcxproj", "{C6CD7916-0FE3-4248-8941-BC2318DE99FA}"
EndProject
Project("{8BC9CEB8-8B4A-11D0-8D11-00A0C91BC942}") = "RegEx_search_example", "RegEx_search_example\RegEx_search_example.vcxproj", "{5AE7EB4D-BF07-4EDD-A05E-00FAB3CE8174}"
EndProject
Project("{8BC9CEB8-8B4A-11D0-8D11-00A0C91BC942}") = "Test_smatch", "Test_smatch\Test_smatch.vcxproj", "{D7E35194-E5B2-4C39-BB9C-493FA69B8252}"
EndProject
Project("{8BC9CEB8-8B4A-11D0-8D11-00A0C91BC942}") = "TestSeparator", "TestSeparator\TestSeparator.vcxproj", "{816DF93D-EC57-42E3-8436-42E531D2D6F8}"
EndProject
Global
	GlobalSection(SolutionConfigurationPlatforms) = preSolution
		Debug|x64 = Debug|x64
		Debug|x86 = Debug|x86
		Release|x64 = Release|x64
		Release|x86 = Release|x86
	EndGlobalSection
	GlobalSection(ProjectConfigurationPlatforms) = postSolution
		{C6CD7916-0FE3-4248-8941-BC2318DE99FA}.Debug|x64.ActiveCfg = Debug|x64
		{C6CD7916-0FE3-4248-8941-BC2318DE99FA}.Debug|x64.Build.0 = Debug|x64
		{C6CD7916-0FE3-4248-8941-BC2318DE99FA}.Debug|x86.ActiveCfg = Debug|Win32
		{C6CD7916-0FE3-4248-8941-BC2318DE99FA}.Debug|x86.Build.0 = Debug|Win32
		{C6CD7916-0FE3-4248-8941-BC2318DE99FA}.Release|x64.ActiveCfg = Release|x64
		{C6CD7916-0FE3-4248-8941-BC2318DE99FA}.Release|x64.Build.0 = Release|x64
		{C6CD7916-0FE3-4248-8941-BC2318DE99FA}.Release|x86.ActiveCfg = Release|Win32
		{C6CD7916-0FE3-4248-8941-BC2318DE99FA}.Release|x86.Build.0 = Release|Win32
		{5AE7EB4D-BF07-4EDD-A05E-00FAB3CE8174}.Debug|x64.ActiveCfg = Debug|x64
		{5AE7EB4D-BF07-4EDD-A05E-00FAB3CE8174}.Debug|x64.Build.0 = Debug|x64
		{5AE7EB4D-BF07-4EDD-A05E-00FAB3CE8174}.Debug|x86.ActiveCfg = Debug|Win32
		{5AE7EB4D-BF07-4EDD-A05E-00FAB3CE8174}.Debug|x86.Build.0 = Debug|Win32
		{5AE7EB4D-BF07-4EDD-A05E-00FAB3CE8174}.Release|x64.ActiveCfg = Release|x64
		{5AE7EB4D-BF07-4EDD-A05E-00FAB3CE8174}.Release|x64.Build.0 = Release|x64
		{5AE7EB4D-BF07-4EDD-A05E-00FAB3CE8174}.Release|x86.ActiveCfg = Release|Win32
		{5AE7EB4D-BF07-4EDD-A05E-00FAB3CE8174}.Release|x86.Build.0 = Release|Win32
		{D7E35194-E5B2-4C39-BB9C-493FA69B8252}.Debug|x64.ActiveCfg = Debug|x64
		{D7E35194-E5B2-4C39-BB9C-493FA69B8252}.Debug|x64.Build.0 = Debug|x64
		{D7E35194-E5B2-4C39-BB9C-493FA69B8252}.Debug|x86.ActiveCfg = Debug|Win32
		{D7E35194-E5B2-4C39-BB9C-493FA69B8252}.Debug|x86.Build.0 = Debug|Win32
		{D7E35194-E5B2-4C39-BB9C-493FA69B8252}.Release|x64.ActiveCfg = Release|x64
		{D7E35194-E5B2-4C39-BB9C-493FA69B8252}.Release|x64.Build.0 = Release|x64
		{D7E35194-E5B2-4C39-BB9C-493FA69B8252}.Release|x86.ActiveCfg = Release|Win32
		{D7E35194-E5B2-4C39-BB9C-493FA69B8252}.Release|x86.Build.0 = Release|Win32
		{816DF93D-EC57-42E3-8436-42E531D2D6F8}.Debug|x64.ActiveCfg = Debug|x64
		{816DF93D-EC57-42E3-8436-42E531D2D6F8}.Debug|x64.Build.0 = Debug|x64
		{816DF93D-EC57-42E3-8436-42E531D2D6F8}.Debug|x86.ActiveCfg = Debug|Win32
		{816DF93D-EC57-42E3-8436-42E531D2D6F8}.Debug|x86.Build.0 = Debug|Win32
		{816DF93D-EC57-42E3-8436-42E531D2D6F8}.Release|x64.ActiveCfg = Release|x64
		{816DF93D-EC57-42E3-8436-42E531D2D6F8}.Release|x64.Build.0 = Release|x64
		{816DF93D-EC57-42E3-8436-42E531D2D6F8}.Release|x86.ActiveCfg = Release|Win32
		{816DF93D-EC57-42E3-8436-42E531D2D6F8}.Release|x86.Build.0 = Release|Win32
	EndGlobalSection
	GlobalSection(SolutionProperties) = preSolution
		HideSolutionNode = FALSE
	EndGlobalSection
EndGlobal
